// !$*UTF8*$!
{
	archiveVersion = 1;
	classes = {
	};
	objectVersion = 55;
	objects = {

/* Begin PBXBuildFile section */
		C332E08A26B960FA0057DDFE /* SwiftUIFulCryptoApp.swift in Sources */ = {isa = PBXBuildFile; fileRef = C332E08926B960FA0057DDFE /* SwiftUIFulCryptoApp.swift */; };
		C332E08C26B960FA0057DDFE /* ContentView.swift in Sources */ = {isa = PBXBuildFile; fileRef = C332E08B26B960FA0057DDFE /* ContentView.swift */; };
		C332E08E26B960FB0057DDFE /* Assets.xcassets in Resources */ = {isa = PBXBuildFile; fileRef = C332E08D26B960FB0057DDFE /* Assets.xcassets */; };
		C332E09126B960FB0057DDFE /* Preview Assets.xcassets in Resources */ = {isa = PBXBuildFile; fileRef = C332E09026B960FB0057DDFE /* Preview Assets.xcassets */; };
		C332E09A26B965C00057DDFE /* Color.swift in Sources */ = {isa = PBXBuildFile; fileRef = C332E09926B965C00057DDFE /* Color.swift */; };
		C332E0A026B971230057DDFE /* HomeView.swift in Sources */ = {isa = PBXBuildFile; fileRef = C332E09F26B971230057DDFE /* HomeView.swift */; };
		C332E0A426B973910057DDFE /* CircleButtonView.swift in Sources */ = {isa = PBXBuildFile; fileRef = C332E0A326B973910057DDFE /* CircleButtonView.swift */; };
		C332E0A626B9799E0057DDFE /* CircleButtonAnimationView.swift in Sources */ = {isa = PBXBuildFile; fileRef = C332E0A526B9799E0057DDFE /* CircleButtonAnimationView.swift */; };
		C3C8CB1A26BAA94E00CF6B3B /* CoinModel.swift in Sources */ = {isa = PBXBuildFile; fileRef = C3C8CB1926BAA94E00CF6B3B /* CoinModel.swift */; };
		C3C8CB1C26BABB8D00CF6B3B /* CoinRowView.swift in Sources */ = {isa = PBXBuildFile; fileRef = C3C8CB1B26BABB8D00CF6B3B /* CoinRowView.swift */; };
		C3C8CB1E26BABC4600CF6B3B /* PreviewProvider.swift in Sources */ = {isa = PBXBuildFile; fileRef = C3C8CB1D26BABC4600CF6B3B /* PreviewProvider.swift */; };
		C3C8CB2026BAC34600CF6B3B /* Double.swift in Sources */ = {isa = PBXBuildFile; fileRef = C3C8CB1F26BAC34600CF6B3B /* Double.swift */; };
/* End PBXBuildFile section */

/* Begin PBXFileReference section */
		C332E08626B960FA0057DDFE /* SwiftUIFulCrypto.app */ = {isa = PBXFileReference; explicitFileType = wrapper.application; includeInIndex = 0; path = SwiftUIFulCrypto.app; sourceTree = BUILT_PRODUCTS_DIR; };
		C332E08926B960FA0057DDFE /* SwiftUIFulCryptoApp.swift */ = {isa = PBXFileReference; lastKnownFileType = sourcecode.swift; path = SwiftUIFulCryptoApp.swift; sourceTree = "<group>"; };
		C332E08B26B960FA0057DDFE /* ContentView.swift */ = {isa = PBXFileReference; lastKnownFileType = sourcecode.swift; path = ContentView.swift; sourceTree = "<group>"; };
		C332E08D26B960FB0057DDFE /* Assets.xcassets */ = {isa = PBXFileReference; lastKnownFileType = folder.assetcatalog; path = Assets.xcassets; sourceTree = "<group>"; };
		C332E09026B960FB0057DDFE /* Preview Assets.xcassets */ = {isa = PBXFileReference; lastKnownFileType = folder.assetcatalog; path = "Preview Assets.xcassets"; sourceTree = "<group>"; };
		C332E09726B961860057DDFE /* Info.plist */ = {isa = PBXFileReference; lastKnownFileType = text.plist; path = Info.plist; sourceTree = "<group>"; };
		C332E09926B965C00057DDFE /* Color.swift */ = {isa = PBXFileReference; lastKnownFileType = sourcecode.swift; path = Color.swift; sourceTree = "<group>"; };
		C332E09F26B971230057DDFE /* HomeView.swift */ = {isa = PBXFileReference; lastKnownFileType = sourcecode.swift; path = HomeView.swift; sourceTree = "<group>"; };
		C332E0A326B973910057DDFE /* CircleButtonView.swift */ = {isa = PBXFileReference; lastKnownFileType = sourcecode.swift; path = CircleButtonView.swift; sourceTree = "<group>"; };
		C332E0A526B9799E0057DDFE /* CircleButtonAnimationView.swift */ = {isa = PBXFileReference; lastKnownFileType = sourcecode.swift; path = CircleButtonAnimationView.swift; sourceTree = "<group>"; };
		C3C8CB1926BAA94E00CF6B3B /* CoinModel.swift */ = {isa = PBXFileReference; lastKnownFileType = sourcecode.swift; path = CoinModel.swift; sourceTree = "<group>"; };
		C3C8CB1B26BABB8D00CF6B3B /* CoinRowView.swift */ = {isa = PBXFileReference; lastKnownFileType = sourcecode.swift; path = CoinRowView.swift; sourceTree = "<group>"; };
		C3C8CB1D26BABC4600CF6B3B /* PreviewProvider.swift */ = {isa = PBXFileReference; lastKnownFileType = sourcecode.swift; path = PreviewProvider.swift; sourceTree = "<group>"; };
		C3C8CB1F26BAC34600CF6B3B /* Double.swift */ = {isa = PBXFileReference; lastKnownFileType = sourcecode.swift; path = Double.swift; sourceTree = "<group>"; };
/* End PBXFileReference section */

/* Begin PBXFrameworksBuildPhase section */
		C332E08326B960FA0057DDFE /* Frameworks */ = {
			isa = PBXFrameworksBuildPhase;
			buildActionMask = 2147483647;
			files = (
			);
			runOnlyForDeploymentPostprocessing = 0;
		};
/* End PBXFrameworksBuildPhase section */

/* Begin PBXGroup section */
		C332E07D26B960FA0057DDFE = {
			isa = PBXGroup;
			children = (
				C332E08826B960FA0057DDFE /* SwiftUIFulCrypto */,
				C332E08726B960FA0057DDFE /* Products */,
			);
			sourceTree = "<group>";
		};
		C332E08726B960FA0057DDFE /* Products */ = {
			isa = PBXGroup;
			children = (
				C332E08626B960FA0057DDFE /* SwiftUIFulCrypto.app */,
			);
			name = Products;
			sourceTree = "<group>";
		};
		C332E08826B960FA0057DDFE /* SwiftUIFulCrypto */ = {
			isa = PBXGroup;
			children = (
				C332E08926B960FA0057DDFE /* SwiftUIFulCryptoApp.swift */,
				C332E09826B9658D0057DDFE /* Extensions */,
				C3C8CB1826BAA90700CF6B3B /* Models */,
				C332E09B26B96ECF0057DDFE /* Core */,
				C332E09726B961860057DDFE /* Info.plist */,
				C332E08B26B960FA0057DDFE /* ContentView.swift */,
				C332E08D26B960FB0057DDFE /* Assets.xcassets */,
				C332E08F26B960FB0057DDFE /* Preview Content */,
			);
			path = SwiftUIFulCrypto;
			sourceTree = "<group>";
		};
		C332E08F26B960FB0057DDFE /* Preview Content */ = {
			isa = PBXGroup;
			children = (
				C332E09026B960FB0057DDFE /* Preview Assets.xcassets */,
			);
			path = "Preview Content";
			sourceTree = "<group>";
		};
		C332E09826B9658D0057DDFE /* Extensions */ = {
			isa = PBXGroup;
			children = (
				C332E09926B965C00057DDFE /* Color.swift */,
				C3C8CB1D26BABC4600CF6B3B /* PreviewProvider.swift */,
				C3C8CB1F26BAC34600CF6B3B /* Double.swift */,
			);
			path = Extensions;
			sourceTree = "<group>";
		};
		C332E09B26B96ECF0057DDFE /* Core */ = {
			isa = PBXGroup;
			children = (
				C332E0A126B9734B0057DDFE /* Components */,
				C332E09C26B970E50057DDFE /* Home */,
			);
			path = Core;
			sourceTree = "<group>";
		};
		C332E09C26B970E50057DDFE /* Home */ = {
			isa = PBXGroup;
			children = (
				C332E09E26B971010057DDFE /* ViewModels */,
				C332E09D26B970F60057DDFE /* Views */,
			);
			path = Home;
			sourceTree = "<group>";
		};
		C332E09D26B970F60057DDFE /* Views */ = {
			isa = PBXGroup;
			children = (
				C332E09F26B971230057DDFE /* HomeView.swift */,
				C3C8CB1B26BABB8D00CF6B3B /* CoinRowView.swift */,
			);
			path = Views;
			sourceTree = "<group>";
		};
		C332E09E26B971010057DDFE /* ViewModels */ = {
			isa = PBXGroup;
			children = (
			);
			path = ViewModels;
			sourceTree = "<group>";
		};
		C332E0A126B9734B0057DDFE /* Components */ = {
			isa = PBXGroup;
			children = (
				C332E0A226B9736B0057DDFE /* CircleButton */,
			);
			path = Components;
			sourceTree = "<group>";
		};
		C332E0A226B9736B0057DDFE /* CircleButton */ = {
			isa = PBXGroup;
			children = (
				C332E0A326B973910057DDFE /* CircleButtonView.swift */,
				C332E0A526B9799E0057DDFE /* CircleButtonAnimationView.swift */,
			);
			path = CircleButton;
			sourceTree = "<group>";
		};
		C3C8CB1826BAA90700CF6B3B /* Models */ = {
			isa = PBXGroup;
			children = (
				C3C8CB1926BAA94E00CF6B3B /* CoinModel.swift */,
			);
			path = Models;
			sourceTree = "<group>";
		};
/* End PBXGroup section */

/* Begin PBXNativeTarget section */
		C332E08526B960FA0057DDFE /* SwiftUIFulCrypto */ = {
			isa = PBXNativeTarget;
			buildConfigurationList = C332E09426B960FB0057DDFE /* Build configuration list for PBXNativeTarget "SwiftUIFulCrypto" */;
			buildPhases = (
				C332E08226B960FA0057DDFE /* Sources */,
				C332E08326B960FA0057DDFE /* Frameworks */,
				C332E08426B960FA0057DDFE /* Resources */,
			);
			buildRules = (
			);
			dependencies = (
			);
			name = SwiftUIFulCrypto;
			productName = SwiftUIFulCrypto;
			productReference = C332E08626B960FA0057DDFE /* SwiftUIFulCrypto.app */;
			productType = "com.apple.product-type.application";
		};
/* End PBXNativeTarget section */

/* Begin PBXProject section */
		C332E07E26B960FA0057DDFE /* Project object */ = {
			isa = PBXProject;
			attributes = {
				BuildIndependentTargetsInParallel = 1;
				LastSwiftUpdateCheck = 1300;
				LastUpgradeCheck = 1300;
				TargetAttributes = {
					C332E08526B960FA0057DDFE = {
						CreatedOnToolsVersion = 13.0;
					};
				};
			};
			buildConfigurationList = C332E08126B960FA0057DDFE /* Build configuration list for PBXProject "SwiftUIFulCrypto" */;
			compatibilityVersion = "Xcode 13.0";
			developmentRegion = en;
			hasScannedForEncodings = 0;
			knownRegions = (
				en,
				Base,
			);
			mainGroup = C332E07D26B960FA0057DDFE;
			productRefGroup = C332E08726B960FA0057DDFE /* Products */;
			projectDirPath = "";
			projectRoot = "";
			targets = (
				C332E08526B960FA0057DDFE /* SwiftUIFulCrypto */,
			);
		};
/* End PBXProject section */

/* Begin PBXResourcesBuildPhase section */
		C332E08426B960FA0057DDFE /* Resources */ = {
			isa = PBXResourcesBuildPhase;
			buildActionMask = 2147483647;
			files = (
				C332E09126B960FB0057DDFE /* Preview Assets.xcassets in Resources */,
				C332E08E26B960FB0057DDFE /* Assets.xcassets in Resources */,
			);
			runOnlyForDeploymentPostprocessing = 0;
		};
/* End PBXResourcesBuildPhase section */

/* Begin PBXSourcesBuildPhase section */
		C332E08226B960FA0057DDFE /* Sources */ = {
			isa = PBXSourcesBuildPhase;
			buildActionMask = 2147483647;
			files = (
				C3C8CB1C26BABB8D00CF6B3B /* CoinRowView.swift in Sources */,
				C332E08C26B960FA0057DDFE /* ContentView.swift in Sources */,
				C332E0A026B971230057DDFE /* HomeView.swift in Sources */,
				C332E08A26B960FA0057DDFE /* SwiftUIFulCryptoApp.swift in Sources */,
				C332E0A426B973910057DDFE /* CircleButtonView.swift in Sources */,
				C332E09A26B965C00057DDFE /* Color.swift in Sources */,
				C332E0A626B9799E0057DDFE /* CircleButtonAnimationView.swift in Sources */,
				C3C8CB1E26BABC4600CF6B3B /* PreviewProvider.swift in Sources */,
				C3C8CB2026BAC34600CF6B3B /* Double.swift in Sources */,
				C3C8CB1A26BAA94E00CF6B3B /* CoinModel.swift in Sources */,
			);
			runOnlyForDeploymentPostprocessing = 0;
		};
/* End PBXSourcesBuildPhase section */

/* Begin XCBuildConfiguration section */
		C332E09226B960FB0057DDFE /* Debug */ = {
			isa = XCBuildConfiguration;
			buildSettings = {
				ALWAYS_SEARCH_USER_PATHS = NO;
				CLANG_ANALYZER_NONNULL = YES;
				CLANG_ANALYZER_NUMBER_OBJECT_CONVERSION = YES_AGGRESSIVE;
				CLANG_CXX_LANGUAGE_STANDARD = "gnu++14";
				CLANG_CXX_LIBRARY = "libc++";
				CLANG_ENABLE_MODULES = YES;
				CLANG_ENABLE_OBJC_ARC = YES;
				CLANG_ENABLE_OBJC_WEAK = YES;
				CLANG_WARN_BLOCK_CAPTURE_AUTORELEASING = YES;
				CLANG_WARN_BOOL_CONVERSION = YES;
				CLANG_WARN_COMMA = YES;
				CLANG_WARN_CONSTANT_CONVERSION = YES;
				CLANG_WARN_DEPRECATED_OBJC_IMPLEMENTATIONS = YES;
				CLANG_WARN_DIRECT_OBJC_ISA_USAGE = YES_ERROR;
				CLANG_WARN_DOCUMENTATION_COMMENTS = YES;
				CLANG_WARN_EMPTY_BODY = YES;
				CLANG_WARN_ENUM_CONVERSION = YES;
				CLANG_WARN_INFINITE_RECURSION = YES;
				CLANG_WARN_INT_CONVERSION = YES;
				CLANG_WARN_NON_LITERAL_NULL_CONVERSION = YES;
				CLANG_WARN_OBJC_IMPLICIT_RETAIN_SELF = YES;
				CLANG_WARN_OBJC_LITERAL_CONVERSION = YES;
				CLANG_WARN_OBJC_ROOT_CLASS = YES_ERROR;
				CLANG_WARN_QUOTED_INCLUDE_IN_FRAMEWORK_HEADER = YES;
				CLANG_WARN_RANGE_LOOP_ANALYSIS = YES;
				CLANG_WARN_STRICT_PROTOTYPES = YES;
				CLANG_WARN_SUSPICIOUS_MOVE = YES;
				CLANG_WARN_UNGUARDED_AVAILABILITY = YES_AGGRESSIVE;
				CLANG_WARN_UNREACHABLE_CODE = YES;
				CLANG_WARN__DUPLICATE_METHOD_MATCH = YES;
				COPY_PHASE_STRIP = NO;
				DEBUG_INFORMATION_FORMAT = dwarf;
				ENABLE_STRICT_OBJC_MSGSEND = YES;
				ENABLE_TESTABILITY = YES;
				GCC_C_LANGUAGE_STANDARD = gnu11;
				GCC_DYNAMIC_NO_PIC = NO;
				GCC_NO_COMMON_BLOCKS = YES;
				GCC_OPTIMIZATION_LEVEL = 0;
				GCC_PREPROCESSOR_DEFINITIONS = (
					"DEBUG=1",
					"$(inherited)",
				);
				GCC_WARN_64_TO_32_BIT_CONVERSION = YES;
				GCC_WARN_ABOUT_RETURN_TYPE = YES_ERROR;
				GCC_WARN_UNDECLARED_SELECTOR = YES;
				GCC_WARN_UNINITIALIZED_AUTOS = YES_AGGRESSIVE;
				GCC_WARN_UNUSED_FUNCTION = YES;
				GCC_WARN_UNUSED_VARIABLE = YES;
				IPHONEOS_DEPLOYMENT_TARGET = 15.0;
				MTL_ENABLE_DEBUG_INFO = INCLUDE_SOURCE;
				MTL_FAST_MATH = YES;
				ONLY_ACTIVE_ARCH = YES;
				SDKROOT = iphoneos;
				SWIFT_ACTIVE_COMPILATION_CONDITIONS = DEBUG;
				SWIFT_OPTIMIZATION_LEVEL = "-Onone";
			};
			name = Debug;
		};
		C332E09326B960FB0057DDFE /* Release */ = {
			isa = XCBuildConfiguration;
			buildSettings = {
				ALWAYS_SEARCH_USER_PATHS = NO;
				CLANG_ANALYZER_NONNULL = YES;
				CLANG_ANALYZER_NUMBER_OBJECT_CONVERSION = YES_AGGRESSIVE;
				CLANG_CXX_LANGUAGE_STANDARD = "gnu++14";
				CLANG_CXX_LIBRARY = "libc++";
				CLANG_ENABLE_MODULES = YES;
				CLANG_ENABLE_OBJC_ARC = YES;
				CLANG_ENABLE_OBJC_WEAK = YES;
				CLANG_WARN_BLOCK_CAPTURE_AUTORELEASING = YES;
				CLANG_WARN_BOOL_CONVERSION = YES;
				CLANG_WARN_COMMA = YES;
				CLANG_WARN_CONSTANT_CONVERSION = YES;
				CLANG_WARN_DEPRECATED_OBJC_IMPLEMENTATIONS = YES;
				CLANG_WARN_DIRECT_OBJC_ISA_USAGE = YES_ERROR;
				CLANG_WARN_DOCUMENTATION_COMMENTS = YES;
				CLANG_WARN_EMPTY_BODY = YES;
				CLANG_WARN_ENUM_CONVERSION = YES;
				CLANG_WARN_INFINITE_RECURSION = YES;
				CLANG_WARN_INT_CONVERSION = YES;
				CLANG_WARN_NON_LITERAL_NULL_CONVERSION = YES;
				CLANG_WARN_OBJC_IMPLICIT_RETAIN_SELF = YES;
				CLANG_WARN_OBJC_LITERAL_CONVERSION = YES;
				CLANG_WARN_OBJC_ROOT_CLASS = YES_ERROR;
				CLANG_WARN_QUOTED_INCLUDE_IN_FRAMEWORK_HEADER = YES;
				CLANG_WARN_RANGE_LOOP_ANALYSIS = YES;
				CLANG_WARN_STRICT_PROTOTYPES = YES;
				CLANG_WARN_SUSPICIOUS_MOVE = YES;
				CLANG_WARN_UNGUARDED_AVAILABILITY = YES_AGGRESSIVE;
				CLANG_WARN_UNREACHABLE_CODE = YES;
				CLANG_WARN__DUPLICATE_METHOD_MATCH = YES;
				COPY_PHASE_STRIP = NO;
				DEBUG_INFORMATION_FORMAT = "dwarf-with-dsym";
				ENABLE_NS_ASSERTIONS = NO;
				ENABLE_STRICT_OBJC_MSGSEND = YES;
				GCC_C_LANGUAGE_STANDARD = gnu11;
				GCC_NO_COMMON_BLOCKS = YES;
				GCC_WARN_64_TO_32_BIT_CONVERSION = YES;
				GCC_WARN_ABOUT_RETURN_TYPE = YES_ERROR;
				GCC_WARN_UNDECLARED_SELECTOR = YES;
				GCC_WARN_UNINITIALIZED_AUTOS = YES_AGGRESSIVE;
				GCC_WARN_UNUSED_FUNCTION = YES;
				GCC_WARN_UNUSED_VARIABLE = YES;
				IPHONEOS_DEPLOYMENT_TARGET = 15.0;
				MTL_ENABLE_DEBUG_INFO = NO;
				MTL_FAST_MATH = YES;
				SDKROOT = iphoneos;
				SWIFT_COMPILATION_MODE = wholemodule;
				SWIFT_OPTIMIZATION_LEVEL = "-O";
				VALIDATE_PRODUCT = YES;
			};
			name = Release;
		};
		C332E09526B960FB0057DDFE /* Debug */ = {
			isa = XCBuildConfiguration;
			buildSettings = {
				ASSETCATALOG_COMPILER_APPICON_NAME = AppIcon;
				ASSETCATALOG_COMPILER_GLOBAL_ACCENT_COLOR_NAME = AccentColor;
				CODE_SIGN_STYLE = Automatic;
				CURRENT_PROJECT_VERSION = 1;
				DEVELOPMENT_ASSET_PATHS = "\"SwiftUIFulCrypto/Preview Content\"";
				DEVELOPMENT_TEAM = ZD8RCDB2Y6;
				ENABLE_PREVIEWS = YES;
				GENERATE_INFOPLIST_FILE = YES;
				INFOPLIST_FILE = SwiftUIFulCrypto/Info.plist;
				INFOPLIST_KEY_CFBundleDisplayName = "加密货币";
				INFOPLIST_KEY_CFBundleExecutable = SwiftUIFulCrypto;
				INFOPLIST_KEY_CFBundleName = SwiftUIFulCrypto;
				INFOPLIST_KEY_CFBundleVersion = 1;
				INFOPLIST_KEY_UIApplicationSceneManifest_Generation = YES;
				INFOPLIST_KEY_UIApplicationSupportsIndirectInputEvents = YES;
				INFOPLIST_KEY_UILaunchScreen_Generation = YES;
				INFOPLIST_KEY_UISupportedInterfaceOrientations_iPad = "UIInterfaceOrientationPortrait UIInterfaceOrientationPortraitUpsideDown UIInterfaceOrientationLandscapeLeft UIInterfaceOrientationLandscapeRight";
				INFOPLIST_KEY_UISupportedInterfaceOrientations_iPhone = "UIInterfaceOrientationPortrait UIInterfaceOrientationLandscapeLeft UIInterfaceOrientationLandscapeRight";
				IPHONEOS_DEPLOYMENT_TARGET = 14.0;
				LD_RUNPATH_SEARCH_PATHS = (
					"$(inherited)",
					"@executable_path/Frameworks",
				);
				MARKETING_VERSION = 1.0;
				PRODUCT_BUNDLE_IDENTIFIER = io.designCode.SwiftUIFulCrypto;
				PRODUCT_NAME = "$(TARGET_NAME)";
				SWIFT_EMIT_LOC_STRINGS = YES;
				SWIFT_VERSION = 5.0;
				TARGETED_DEVICE_FAMILY = "1,2";
			};
			name = Debug;
		};
		C332E09626B960FB0057DDFE /* Release */ = {
			isa = XCBuildConfiguration;
			buildSettings = {
				ASSETCATALOG_COMPILER_APPICON_NAME = AppIcon;
				ASSETCATALOG_COMPILER_GLOBAL_ACCENT_COLOR_NAME = AccentColor;
				CODE_SIGN_STYLE = Automatic;
				CURRENT_PROJECT_VERSION = 1;
				DEVELOPMENT_ASSET_PATHS = "\"SwiftUIFulCrypto/Preview Content\"";
				DEVELOPMENT_TEAM = ZD8RCDB2Y6;
				ENABLE_PREVIEWS = YES;
				GENERATE_INFOPLIST_FILE = YES;
				INFOPLIST_FILE = SwiftUIFulCrypto/Info.plist;
				INFOPLIST_KEY_CFBundleDisplayName = "加密货币";
				INFOPLIST_KEY_CFBundleExecutable = SwiftUIFulCrypto;
				INFOPLIST_KEY_CFBundleName = SwiftUIFulCrypto;
				INFOPLIST_KEY_CFBundleVersion = 1;
				INFOPLIST_KEY_UIApplicationSceneManifest_Generation = YES;
				INFOPLIST_KEY_UIApplicationSupportsIndirectInputEvents = YES;
				INFOPLIST_KEY_UILaunchScreen_Generation = YES;
				INFOPLIST_KEY_UISupportedInterfaceOrientations_iPad = "UIInterfaceOrientationPortrait UIInterfaceOrientationPortraitUpsideDown UIInterfaceOrientationLandscapeLeft UIInterfaceOrientationLandscapeRight";
				INFOPLIST_KEY_UISupportedInterfaceOrientations_iPhone = "UIInterfaceOrientationPortrait UIInterfaceOrientationLandscapeLeft UIInterfaceOrientationLandscapeRight";
				IPHONEOS_DEPLOYMENT_TARGET = 14.0;
				LD_RUNPATH_SEARCH_PATHS = (
					"$(inherited)",
					"@executable_path/Frameworks",
				);
				MARKETING_VERSION = 1.0;
				PRODUCT_BUNDLE_IDENTIFIER = io.designCode.SwiftUIFulCrypto;
				PRODUCT_NAME = "$(TARGET_NAME)";
				SWIFT_EMIT_LOC_STRINGS = YES;
				SWIFT_VERSION = 5.0;
				TARGETED_DEVICE_FAMILY = "1,2";
			};
			name = Release;
		};
/* End XCBuildConfiguration section */

/* Begin XCConfigurationList section */
		C332E08126B960FA0057DDFE /* Build configuration list for PBXProject "SwiftUIFulCrypto" */ = {
			isa = XCConfigurationList;
			buildConfigurations = (
				C332E09226B960FB0057DDFE /* Debug */,
				C332E09326B960FB0057DDFE /* Release */,
			);
			defaultConfigurationIsVisible = 0;
			defaultConfigurationName = Release;
		};
		C332E09426B960FB0057DDFE /* Build configuration list for PBXNativeTarget "SwiftUIFulCrypto" */ = {
			isa = XCConfigurationList;
			buildConfigurations = (
				C332E09526B960FB0057DDFE /* Debug */,
				C332E09626B960FB0057DDFE /* Release */,
			);
			defaultConfigurationIsVisible = 0;
			defaultConfigurationName = Release;
		};
/* End XCConfigurationList section */
	};
	rootObject = C332E07E26B960FA0057DDFE /* Project object */;
}
